{
  "name": "vkolmakov.me",
  "requires": true,
  "lockfileVersion": 1,
  "dependencies": {
    "de-indent": {
      "version": "1.0.2",
      "resolved": "https://registry.npmjs.org/de-indent/-/de-indent-1.0.2.tgz",
      "integrity": "sha1-sgOOhG3DO6pXlhKNCAS0VbjB4h0=",
      "dev": true
    },
    "entities": {
      "version": "1.1.1",
      "resolved": "https://registry.npmjs.org/entities/-/entities-1.1.1.tgz",
      "integrity": "sha1-blwtClYhtdra7O+AuQ7ftc13cvA=",
      "dev": true
    },
    "vue": {
      "version": "2.0.1",
      "resolved": "https://registry.npmjs.org/vue/-/vue-2.0.1.tgz",
      "integrity": "sha1-6iCXnrVEDqfaCGCXvv1Zj7VI28E="
    },
    "vue-template-compiler": {
      "version": "2.0.1",
      "resolved": "https://registry.npmjs.org/vue-template-compiler/-/vue-template-compiler-2.0.1.tgz",
      "integrity": "sha1-dBjIwInqscqXVvzO1OQ6nxGXvK8=",
      "dev": true,
      "requires": {
        "de-indent": "1.0.2",
        "entities": "1.1.1"
      }
    }
  }
}
